
Microsoft Visual Studio Solution File, Format Version 12.00
# Visual Studio Version 16
VisualStudioVersion = 16.0.29230.47
MinimumVisualStudioVersion = 10.0.40219.1
Project("{FAE04EC0-301F-11D3-BF4B-00C04F79EFBC}") = "GSP.WindowsService", "WindowsService\GSP.WindowsService.csproj", "{643FA406-23AF-4379-B7F7-A390776F66F3}"
EndProject
Project("{FAE04EC0-301F-11D3-BF4B-00C04F79EFBC}") = "GSP.WCFService", "WCFService\GSP.WCFService.csproj", "{273439B1-53FF-48A7-89AA-42632039BB5B}"
EndProject
Project("{FAE04EC0-301F-11D3-BF4B-00C04F79EFBC}") = "GSP.Core", "Core\GSP.Core.csproj", "{BAA1BC30-4A51-40A0-B074-7B5C5A556F9D}"
EndProject
Project("{FAE04EC0-301F-11D3-BF4B-00C04F79EFBC}") = "GSP.Database", "Database\GSP.Database.csproj", "{B934EE7D-43BC-445B-B722-5D9A41481B43}"
EndProject
Project("{FAE04EC0-301F-11D3-BF4B-00C04F79EFBC}") = "GSP.Queue", "Queue\GSP.Queue.csproj", "{A0ABD798-DD5B-43B4-BEFD-8DC9550BACD2}"
EndProject
Global
	GlobalSection(SolutionConfigurationPlatforms) = preSolution
		Debug|Any CPU = Debug|Any CPU
		Release|Any CPU = Release|Any CPU
	EndGlobalSection
	GlobalSection(ProjectConfigurationPlatforms) = postSolution
		{643FA406-23AF-4379-B7F7-A390776F66F3}.Debug|Any CPU.ActiveCfg = Debug|Any CPU
		{643FA406-23AF-4379-B7F7-A390776F66F3}.Debug|Any CPU.Build.0 = Debug|Any CPU
		{643FA406-23AF-4379-B7F7-A390776F66F3}.Release|Any CPU.ActiveCfg = Release|Any CPU
		{643FA406-23AF-4379-B7F7-A390776F66F3}.Release|Any CPU.Build.0 = Release|Any CPU
		{273439B1-53FF-48A7-89AA-42632039BB5B}.Debug|Any CPU.ActiveCfg = Debug|Any CPU
		{273439B1-53FF-48A7-89AA-42632039BB5B}.Debug|Any CPU.Build.0 = Debug|Any CPU
		{273439B1-53FF-48A7-89AA-42632039BB5B}.Release|Any CPU.ActiveCfg = Release|Any CPU
		{273439B1-53FF-48A7-89AA-42632039BB5B}.Release|Any CPU.Build.0 = Release|Any CPU
		{BAA1BC30-4A51-40A0-B074-7B5C5A556F9D}.Debug|Any CPU.ActiveCfg = Debug|Any CPU
		{BAA1BC30-4A51-40A0-B074-7B5C5A556F9D}.Debug|Any CPU.Build.0 = Debug|Any CPU
		{BAA1BC30-4A51-40A0-B074-7B5C5A556F9D}.Release|Any CPU.ActiveCfg = Release|Any CPU
		{BAA1BC30-4A51-40A0-B074-7B5C5A556F9D}.Release|Any CPU.Build.0 = Release|Any CPU
		{B934EE7D-43BC-445B-B722-5D9A41481B43}.Debug|Any CPU.ActiveCfg = Debug|Any CPU
		{B934EE7D-43BC-445B-B722-5D9A41481B43}.Debug|Any CPU.Build.0 = Debug|Any CPU
		{B934EE7D-43BC-445B-B722-5D9A41481B43}.Release|Any CPU.ActiveCfg = Release|Any CPU
		{B934EE7D-43BC-445B-B722-5D9A41481B43}.Release|Any CPU.Build.0 = Release|Any CPU
		{A0ABD798-DD5B-43B4-BEFD-8DC9550BACD2}.Debug|Any CPU.ActiveCfg = Debug|Any CPU
		{A0ABD798-DD5B-43B4-BEFD-8DC9550BACD2}.Debug|Any CPU.Build.0 = Debug|Any CPU
		{A0ABD798-DD5B-43B4-BEFD-8DC9550BACD2}.Release|Any CPU.ActiveCfg = Release|Any CPU
		{A0ABD798-DD5B-43B4-BEFD-8DC9550BACD2}.Release|Any CPU.Build.0 = Release|Any CPU
	EndGlobalSection
	GlobalSection(SolutionProperties) = preSolution
		HideSolutionNode = FALSE
	EndGlobalSection
	GlobalSection(ExtensibilityGlobals) = postSolution
		SolutionGuid = {231FDFA3-2DCB-42CE-ABBA-D373788ABF1F}
	EndGlobalSection
EndGlobal
